// !$*UTF8*$!
{
	archiveVersion = 1;
	classes = {
	};
	objectVersion = 44;
	objects = {

/* Begin PBXBuildFile section */
		40019BA20D65E6BF00A28C15 /* dashel-common.cpp in Sources */ = {isa = PBXBuildFile; fileRef = 40019B9C0D65E6BF00A28C15 /* dashel-common.cpp */; };
		40019BA30D65E6BF00A28C15 /* dashel-posix.cpp in Sources */ = {isa = PBXBuildFile; fileRef = 40019B9D0D65E6BF00A28C15 /* dashel-posix.cpp */; };
		40019BA40D65E6BF00A28C15 /* dashel-private.h in Headers */ = {isa = PBXBuildFile; fileRef = 40019B9E0D65E6BF00A28C15 /* dashel-private.h */; };
		40019BA50D65E6BF00A28C15 /* dashel.h in Headers */ = {isa = PBXBuildFile; fileRef = 40019B9F0D65E6BF00A28C15 /* dashel.h */; };
		40019BA60D65E6BF00A28C15 /* poll_emu.c in Sources */ = {isa = PBXBuildFile; fileRef = 40019BA00D65E6BF00A28C15 /* poll_emu.c */; };
		40019BA70D65E6BF00A28C15 /* poll_emu.h in Headers */ = {isa = PBXBuildFile; fileRef = 40019BA10D65E6BF00A28C15 /* poll_emu.h */; };
/* End PBXBuildFile section */

/* Begin PBXFileReference section */
		40019B9C0D65E6BF00A28C15 /* dashel-common.cpp */ = {isa = PBXFileReference; fileEncoding = 4; lastKnownFileType = sourcecode.cpp.cpp; name = "dashel-common.cpp"; path = "../dashel-common.cpp"; sourceTree = SOURCE_ROOT; };
		40019B9D0D65E6BF00A28C15 /* dashel-posix.cpp */ = {isa = PBXFileReference; fileEncoding = 4; lastKnownFileType = sourcecode.cpp.cpp; name = "dashel-posix.cpp"; path = "../dashel-posix.cpp"; sourceTree = SOURCE_ROOT; };
		40019B9E0D65E6BF00A28C15 /* dashel-private.h */ = {isa = PBXFileReference; fileEncoding = 4; lastKnownFileType = sourcecode.c.h; name = "dashel-private.h"; path = "../dashel-private.h"; sourceTree = SOURCE_ROOT; };
		40019B9F0D65E6BF00A28C15 /* dashel.h */ = {isa = PBXFileReference; fileEncoding = 4; lastKnownFileType = sourcecode.c.h; name = dashel.h; path = ../dashel.h; sourceTree = SOURCE_ROOT; };
		40019BA00D65E6BF00A28C15 /* poll_emu.c */ = {isa = PBXFileReference; fileEncoding = 4; lastKnownFileType = sourcecode.c.c; name = poll_emu.c; path = ../poll_emu.c; sourceTree = SOURCE_ROOT; };
		40019BA10D65E6BF00A28C15 /* poll_emu.h */ = {isa = PBXFileReference; fileEncoding = 4; lastKnownFileType = sourcecode.c.h; name = poll_emu.h; path = ../poll_emu.h; sourceTree = SOURCE_ROOT; };
		D2AAC046055464E500DB518D /* liblibdashel.a */ = {isa = PBXFileReference; explicitFileType = archive.ar; includeInIndex = 0; path = liblibdashel.a; sourceTree = BUILT_PRODUCTS_DIR; };
/* End PBXFileReference section */

/* Begin PBXFrameworksBuildPhase section */
		D289987405E68DCB004EDB86 /* Frameworks */ = {
			isa = PBXFrameworksBuildPhase;
			buildActionMask = 2147483647;
			files = (
			);
			runOnlyForDeploymentPostprocessing = 0;
		};
/* End PBXFrameworksBuildPhase section */

/* Begin PBXGroup section */
		08FB7794FE84155DC02AAC07 /* libdashel */ = {
			isa = PBXGroup;
			children = (
				08FB7795FE84155DC02AAC07 /* Source */,
				C6A0FF2B0290797F04C91782 /* Documentation */,
				1AB674ADFE9D54B511CA2CBB /* Products */,
			);
			name = libdashel;
			sourceTree = "<group>";
		};
		08FB7795FE84155DC02AAC07 /* Source */ = {
			isa = PBXGroup;
			children = (
				40019B9C0D65E6BF00A28C15 /* dashel-common.cpp */,
				40019B9D0D65E6BF00A28C15 /* dashel-posix.cpp */,
				40019B9E0D65E6BF00A28C15 /* dashel-private.h */,
				40019B9F0D65E6BF00A28C15 /* dashel.h */,
				40019BA00D65E6BF00A28C15 /* poll_emu.c */,
				40019BA10D65E6BF00A28C15 /* poll_emu.h */,
			);
			name = Source;
			sourceTree = "<group>";
		};
		1AB674ADFE9D54B511CA2CBB /* Products */ = {
			isa = PBXGroup;
			children = (
				D2AAC046055464E500DB518D /* liblibdashel.a */,
			);
			name = Products;
			sourceTree = "<group>";
		};
		C6A0FF2B0290797F04C91782 /* Documentation */ = {
			isa = PBXGroup;
			children = (
			);
			name = Documentation;
			sourceTree = "<group>";
		};
/* End PBXGroup section */

/* Begin PBXHeadersBuildPhase section */
		D2AAC043055464E500DB518D /* Headers */ = {
			isa = PBXHeadersBuildPhase;
			buildActionMask = 2147483647;
			files = (
				40019BA40D65E6BF00A28C15 /* dashel-private.h in Headers */,
				40019BA50D65E6BF00A28C15 /* dashel.h in Headers */,
				40019BA70D65E6BF00A28C15 /* poll_emu.h in Headers */,
			);
			runOnlyForDeploymentPostprocessing = 0;
		};
/* End PBXHeadersBuildPhase section */

/* Begin PBXNativeTarget section */
		D2AAC045055464E500DB518D /* libdashel */ = {
			isa = PBXNativeTarget;
			buildConfigurationList = 1DEB91EB08733DB70010E9CD /* Build configuration list for PBXNativeTarget "libdashel" */;
			buildPhases = (
				D2AAC043055464E500DB518D /* Headers */,
				D2AAC044055464E500DB518D /* Sources */,
				D289987405E68DCB004EDB86 /* Frameworks */,
			);
			buildRules = (
			);
			dependencies = (
			);
			name = libdashel;
			productName = libdashel;
			productReference = D2AAC046055464E500DB518D /* liblibdashel.a */;
			productType = "com.apple.product-type.library.static";
		};
/* End PBXNativeTarget section */

/* Begin PBXProject section */
		08FB7793FE84155DC02AAC07 /* Project object */ = {
			isa = PBXProject;
			buildConfigurationList = 1DEB91EF08733DB70010E9CD /* Build configuration list for PBXProject "libdashel" */;
			compatibilityVersion = "Xcode 3.0";
			hasScannedForEncodings = 1;
			mainGroup = 08FB7794FE84155DC02AAC07 /* libdashel */;
			projectDirPath = "";
			projectRoot = "";
			targets = (
				D2AAC045055464E500DB518D /* libdashel */,
			);
		};
/* End PBXProject section */

/* Begin PBXSourcesBuildPhase section */
		D2AAC044055464E500DB518D /* Sources */ = {
			isa = PBXSourcesBuildPhase;
			buildActionMask = 2147483647;
			files = (
				40019BA20D65E6BF00A28C15 /* dashel-common.cpp in Sources */,
				40019BA30D65E6BF00A28C15 /* dashel-posix.cpp in Sources */,
				40019BA60D65E6BF00A28C15 /* poll_emu.c in Sources */,
			);
			runOnlyForDeploymentPostprocessing = 0;
		};
/* End PBXSourcesBuildPhase section */

/* Begin XCBuildConfiguration section */
		1DEB91EC08733DB70010E9CD /* Debug */ = {
			isa = XCBuildConfiguration;
			buildSettings = {
				COPY_PHASE_STRIP = NO;
				GCC_DYNAMIC_NO_PIC = NO;
				GCC_ENABLE_FIX_AND_CONTINUE = NO;
				GCC_MODEL_TUNING = G5;
				GCC_OPTIMIZATION_LEVEL = 0;
				GCC_PREPROCESSOR_DEFINITIONS = (
					"_GLIBCXX_DEBUG=1",
					"_GLIBCXX_DEBUG_PEDANTIC=1",
				);
				INSTALL_PATH = /usr/local/lib;
				PRODUCT_NAME = libdashel;
				ZERO_LINK = NO;
			};
			name = Debug;
		};
		1DEB91ED08733DB70010E9CD /* Release */ = {
			isa = XCBuildConfiguration;
			buildSettings = {
				DEBUG_INFORMATION_FORMAT = "dwarf-with-dsym";
				GCC_MODEL_TUNING = G5;
				INSTALL_PATH = /usr/local/lib;
				PRODUCT_NAME = libdashel;
			};
			name = Release;
		};
		1DEB91F008733DB70010E9CD /* Debug */ = {
			isa = XCBuildConfiguration;
			buildSettings = {
				GCC_WARN_ABOUT_RETURN_TYPE = YES;
				GCC_WARN_UNUSED_VARIABLE = YES;
				PREBINDING = NO;
				SDKROOT = "$(DEVELOPER_SDK_DIR)/MacOSX10.5.sdk";
			};
			name = Debug;
		};
		1DEB91F108733DB70010E9CD /* Release */ = {
			isa = XCBuildConfiguration;
			buildSettings = {
				ARCHS = (
					ppc,
					i386,
				);
				GCC_WARN_ABOUT_RETURN_TYPE = YES;
				GCC_WARN_UNUSED_VARIABLE = YES;
				PREBINDING = NO;
				SDKROOT = "$(DEVELOPER_SDK_DIR)/MacOSX10.5.sdk";
			};
			name = Release;
		};
/* End XCBuildConfiguration section */

/* Begin XCConfigurationList section */
		1DEB91EB08733DB70010E9CD /* Build configuration list for PBXNativeTarget "libdashel" */ = {
			isa = XCConfigurationList;
			buildConfigurations = (
				1DEB91EC08733DB70010E9CD /* Debug */,
				1DEB91ED08733DB70010E9CD /* Release */,
			);
			defaultConfigurationIsVisible = 0;
			defaultConfigurationName = Release;
		};
		1DEB91EF08733DB70010E9CD /* Build configuration list for PBXProject "libdashel" */ = {
			isa = XCConfigurationList;
			buildConfigurations = (
				1DEB91F008733DB70010E9CD /* Debug */,
				1DEB91F108733DB70010E9CD /* Release */,
			);
			defaultConfigurationIsVisible = 0;
			defaultConfigurationName = Release;
		};
/* End XCConfigurationList section */
	};
	rootObject = 08FB7793FE84155DC02AAC07 /* Project object */;
}
