
Microsoft Visual Studio Solution File, Format Version 9.00
# Visual Studio 2005
Project("{8BC9CEB8-8B4A-11D0-8D11-00A0C91BC942}") = "dashel", "dashel.vcproj", "{C8D9A6E0-858C-4F6E-BFFC-225061039311}"
EndProject
Project("{8BC9CEB8-8B4A-11D0-8D11-00A0C91BC942}") = "microterm", "microterm.vcproj", "{66013ABF-E30E-4F8E-B379-54657D6A57A5}"
	ProjectSection(ProjectDependencies) = postProject
		{C8D9A6E0-858C-4F6E-BFFC-225061039311} = {C8D9A6E0-858C-4F6E-BFFC-225061039311}
	EndProjectSection
EndProject
Project("{8BC9CEB8-8B4A-11D0-8D11-00A0C91BC942}") = "chat", "chat.vcproj", "{EF02489B-86BF-4ACA-8726-40C5F4F1063E}"
	ProjectSection(ProjectDependencies) = postProject
		{C8D9A6E0-858C-4F6E-BFFC-225061039311} = {C8D9A6E0-858C-4F6E-BFFC-225061039311}
	EndProjectSection
EndProject
Project("{8BC9CEB8-8B4A-11D0-8D11-00A0C91BC942}") = "portlist", "portlist.vcproj", "{1B54A982-8152-42C7-9F63-1D12F3DE2130}"
	ProjectSection(ProjectDependencies) = postProject
		{C8D9A6E0-858C-4F6E-BFFC-225061039311} = {C8D9A6E0-858C-4F6E-BFFC-225061039311}
	EndProjectSection
EndProject
Project("{8BC9CEB8-8B4A-11D0-8D11-00A0C91BC942}") = "test", "test.vcproj", "{CEE71FEF-9D93-4791-9C5E-73F18254BA18}"
	ProjectSection(ProjectDependencies) = postProject
		{C8D9A6E0-858C-4F6E-BFFC-225061039311} = {C8D9A6E0-858C-4F6E-BFFC-225061039311}
	EndProjectSection
EndProject
Global
	GlobalSection(SolutionConfigurationPlatforms) = preSolution
		Debug|Win32 = Debug|Win32
		Release|Win32 = Release|Win32
	EndGlobalSection
	GlobalSection(ProjectConfigurationPlatforms) = postSolution
		{C8D9A6E0-858C-4F6E-BFFC-225061039311}.Debug|Win32.ActiveCfg = Debug|Win32
		{C8D9A6E0-858C-4F6E-BFFC-225061039311}.Debug|Win32.Build.0 = Debug|Win32
		{C8D9A6E0-858C-4F6E-BFFC-225061039311}.Release|Win32.ActiveCfg = Release|Win32
		{C8D9A6E0-858C-4F6E-BFFC-225061039311}.Release|Win32.Build.0 = Release|Win32
		{66013ABF-E30E-4F8E-B379-54657D6A57A5}.Debug|Win32.ActiveCfg = Debug|Win32
		{66013ABF-E30E-4F8E-B379-54657D6A57A5}.Debug|Win32.Build.0 = Debug|Win32
		{66013ABF-E30E-4F8E-B379-54657D6A57A5}.Release|Win32.ActiveCfg = Release|Win32
		{66013ABF-E30E-4F8E-B379-54657D6A57A5}.Release|Win32.Build.0 = Release|Win32
		{EF02489B-86BF-4ACA-8726-40C5F4F1063E}.Debug|Win32.ActiveCfg = Debug|Win32
		{EF02489B-86BF-4ACA-8726-40C5F4F1063E}.Debug|Win32.Build.0 = Debug|Win32
		{EF02489B-86BF-4ACA-8726-40C5F4F1063E}.Release|Win32.ActiveCfg = Release|Win32
		{EF02489B-86BF-4ACA-8726-40C5F4F1063E}.Release|Win32.Build.0 = Release|Win32
		{1B54A982-8152-42C7-9F63-1D12F3DE2130}.Debug|Win32.ActiveCfg = Debug|Win32
		{1B54A982-8152-42C7-9F63-1D12F3DE2130}.Debug|Win32.Build.0 = Debug|Win32
		{1B54A982-8152-42C7-9F63-1D12F3DE2130}.Release|Win32.ActiveCfg = Release|Win32
		{1B54A982-8152-42C7-9F63-1D12F3DE2130}.Release|Win32.Build.0 = Release|Win32
		{CEE71FEF-9D93-4791-9C5E-73F18254BA18}.Debug|Win32.ActiveCfg = Debug|Win32
		{CEE71FEF-9D93-4791-9C5E-73F18254BA18}.Debug|Win32.Build.0 = Debug|Win32
		{CEE71FEF-9D93-4791-9C5E-73F18254BA18}.Release|Win32.ActiveCfg = Release|Win32
		{CEE71FEF-9D93-4791-9C5E-73F18254BA18}.Release|Win32.Build.0 = Release|Win32
	EndGlobalSection
	GlobalSection(SolutionProperties) = preSolution
		HideSolutionNode = FALSE
	EndGlobalSection
EndGlobal
